
Microsoft Visual Studio Solution File, Format Version 12.00
# Visual Studio Version 17
VisualStudioVersion = 17.10.35013.160
MinimumVisualStudioVersion = 10.0.40219.1
Project("{FAE04EC0-301F-11D3-BF4B-00C04F79EFBC}") = "DisneyShop", "DisneyShop\DisneyShop.csproj", "{0FE6FDD5-DFCF-4FB9-BDA6-A5911DB7CA8D}"
EndProject
Global
	GlobalSection(SolutionConfigurationPlatforms) = preSolution
		Debug|Any CPU = Debug|Any CPU
		Release|Any CPU = Release|Any CPU
	EndGlobalSection
	GlobalSection(ProjectConfigurationPlatforms) = postSolution
		{0FE6FDD5-DFCF-4FB9-BDA6-A5911DB7CA8D}.Debug|Any CPU.ActiveCfg = Debug|Any CPU
		{0FE6FDD5-DFCF-4FB9-BDA6-A5911DB7CA8D}.Debug|Any CPU.Build.0 = Debug|Any CPU
		{0FE6FDD5-DFCF-4FB9-BDA6-A5911DB7CA8D}.Release|Any CPU.ActiveCfg = Release|Any CPU
		{0FE6FDD5-DFCF-4FB9-BDA6-A5911DB7CA8D}.Release|Any CPU.Build.0 = Release|Any CPU
	EndGlobalSection
	GlobalSection(SolutionProperties) = preSolution
		HideSolutionNode = FALSE
	EndGlobalSection
	GlobalSection(ExtensibilityGlobals) = postSolution
		SolutionGuid = {A571A7EF-51B0-42C4-9606-FF0953E03E2E}
	EndGlobalSection
EndGlobal
